
Microsoft Visual Studio Solution File, Format Version 12.00
# Visual Studio Version 16
VisualStudioVersion = 16.0.29102.190
MinimumVisualStudioVersion = 10.0.40219.1
Project("{FAE04EC0-301F-11D3-BF4B-00C04F79EFBC}") = "InterruptLoginView", "InterruptLoginView\InterruptLoginView.csproj", "{52327D48-940F-4B0F-BB07-B3AA76E78934}"
EndProject
Global
	GlobalSection(SolutionConfigurationPlatforms) = preSolution
		Debug|Any CPU = Debug|Any CPU
		Release|Any CPU = Release|Any CPU
	EndGlobalSection
	GlobalSection(ProjectConfigurationPlatforms) = postSolution
		{52327D48-940F-4B0F-BB07-B3AA76E78934}.Debug|Any CPU.ActiveCfg = Debug|Any CPU
		{52327D48-940F-4B0F-BB07-B3AA76E78934}.Debug|Any CPU.Build.0 = Debug|Any CPU
		{52327D48-940F-4B0F-BB07-B3AA76E78934}.Release|Any CPU.ActiveCfg = Release|Any CPU
		{52327D48-940F-4B0F-BB07-B3AA76E78934}.Release|Any CPU.Build.0 = Release|Any CPU
	EndGlobalSection
	GlobalSection(SolutionProperties) = preSolution
		HideSolutionNode = FALSE
	EndGlobalSection
	GlobalSection(ExtensibilityGlobals) = postSolution
		SolutionGuid = {50BE4416-FB11-4F63-9CB0-5F4536AB52C5}
	EndGlobalSection
EndGlobal
