
Microsoft Visual Studio Solution File, Format Version 12.00
# Visual Studio Version 16
VisualStudioVersion = 16.0.29102.190
MinimumVisualStudioVersion = 10.0.40219.1
Project("{FAE04EC0-301F-11D3-BF4B-00C04F79EFBC}") = "HISServer", "HISServer\HISServer.csproj", "{C25ECD31-AAE5-4034-999D-EE4B55E51EA6}"
EndProject
Global
	GlobalSection(SolutionConfigurationPlatforms) = preSolution
		Debug|Any CPU = Debug|Any CPU
		Release|Any CPU = Release|Any CPU
	EndGlobalSection
	GlobalSection(ProjectConfigurationPlatforms) = postSolution
		{C25ECD31-AAE5-4034-999D-EE4B55E51EA6}.Debug|Any CPU.ActiveCfg = Debug|Any CPU
		{C25ECD31-AAE5-4034-999D-EE4B55E51EA6}.Debug|Any CPU.Build.0 = Debug|Any CPU
		{C25ECD31-AAE5-4034-999D-EE4B55E51EA6}.Release|Any CPU.ActiveCfg = Release|Any CPU
		{C25ECD31-AAE5-4034-999D-EE4B55E51EA6}.Release|Any CPU.Build.0 = Release|Any CPU
	EndGlobalSection
	GlobalSection(SolutionProperties) = preSolution
		HideSolutionNode = FALSE
	EndGlobalSection
	GlobalSection(ExtensibilityGlobals) = postSolution
		SolutionGuid = {4A975ADC-1B75-4BB0-A588-297325B9DD63}
	EndGlobalSection
EndGlobal
