
Microsoft Visual Studio Solution File, Format Version 12.00
# Visual Studio 15
VisualStudioVersion = 15.0.28307.645
MinimumVisualStudioVersion = 10.0.40219.1
Project("{FAE04EC0-301F-11D3-BF4B-00C04F79EFBC}") = "PrinterControl", "PrinterControl.csproj", "{DB058E65-12AD-48A5-8A73-53EEB57E3508}"
EndProject
Global
	GlobalSection(SolutionConfigurationPlatforms) = preSolution
		Debug|Any CPU = Debug|Any CPU
		Release|Any CPU = Release|Any CPU
	EndGlobalSection
	GlobalSection(ProjectConfigurationPlatforms) = postSolution
		{DB058E65-12AD-48A5-8A73-53EEB57E3508}.Debug|Any CPU.ActiveCfg = Debug|Any CPU
		{DB058E65-12AD-48A5-8A73-53EEB57E3508}.Debug|Any CPU.Build.0 = Debug|Any CPU
		{DB058E65-12AD-48A5-8A73-53EEB57E3508}.Release|Any CPU.ActiveCfg = Release|Any CPU
		{DB058E65-12AD-48A5-8A73-53EEB57E3508}.Release|Any CPU.Build.0 = Release|Any CPU
	EndGlobalSection
	GlobalSection(SolutionProperties) = preSolution
		HideSolutionNode = FALSE
	EndGlobalSection
	GlobalSection(ExtensibilityGlobals) = postSolution
		SolutionGuid = {8723A053-2B1C-40BC-A4CC-E47BC7F48E4E}
	EndGlobalSection
EndGlobal
